
Microsoft Visual Studio Solution File, Format Version 12.00
# Visual Studio 14
VisualStudioVersion = 14.0.25420.1
MinimumVisualStudioVersion = 10.0.40219.1
Project("{FAE04EC0-301F-11D3-BF4B-00C04F79EFBC}") = "RESTClientApp.Android", "RESTClientApp\RESTClientApp.Android\RESTClientApp.Android.csproj", "{B4B65626-F653-4881-93EB-CE905C9A8CBB}"
EndProject
Project("{FAE04EC0-301F-11D3-BF4B-00C04F79EFBC}") = "RESTClientApp", "RESTClientApp\RESTClientApp\RESTClientApp.csproj", "{DB81849F-A459-4FFF-A3CF-042E49E2BCFB}"
EndProject
Project("{FAE04EC0-301F-11D3-BF4B-00C04F79EFBC}") = "RESTClientApp.UWP", "RESTClientApp\RESTClientApp.UWP\RESTClientApp.UWP.csproj", "{23677C0C-C742-4BE6-83F9-227231A72D4F}"
EndProject
Project("{FAE04EC0-301F-11D3-BF4B-00C04F79EFBC}") = "RESTClientApp.iOS", "RESTClientApp\RESTClientApp.iOS\RESTClientApp.iOS.csproj", "{1014926D-9EE9-447F-9440-7A026973332C}"
EndProject
Global
	GlobalSection(SolutionConfigurationPlatforms) = preSolution
		Ad-Hoc|Any CPU = Ad-Hoc|Any CPU
		Ad-Hoc|ARM = Ad-Hoc|ARM
		Ad-Hoc|iPhone = Ad-Hoc|iPhone
		Ad-Hoc|iPhoneSimulator = Ad-Hoc|iPhoneSimulator
		Ad-Hoc|x64 = Ad-Hoc|x64
		Ad-Hoc|x86 = Ad-Hoc|x86
		AppStore|Any CPU = AppStore|Any CPU
		AppStore|ARM = AppStore|ARM
		AppStore|iPhone = AppStore|iPhone
		AppStore|iPhoneSimulator = AppStore|iPhoneSimulator
		AppStore|x64 = AppStore|x64
		AppStore|x86 = AppStore|x86
		Debug|Any CPU = Debug|Any CPU
		Debug|ARM = Debug|ARM
		Debug|iPhone = Debug|iPhone
		Debug|iPhoneSimulator = Debug|iPhoneSimulator
		Debug|x64 = Debug|x64
		Debug|x86 = Debug|x86
		Release|Any CPU = Release|Any CPU
		Release|ARM = Release|ARM
		Release|iPhone = Release|iPhone
		Release|iPhoneSimulator = Release|iPhoneSimulator
		Release|x64 = Release|x64
		Release|x86 = Release|x86
	EndGlobalSection
	GlobalSection(ProjectConfigurationPlatforms) = postSolution
		{B4B65626-F653-4881-93EB-CE905C9A8CBB}.Ad-Hoc|Any CPU.ActiveCfg = Release|Any CPU
		{B4B65626-F653-4881-93EB-CE905C9A8CBB}.Ad-Hoc|Any CPU.Build.0 = Release|Any CPU
		{B4B65626-F653-4881-93EB-CE905C9A8CBB}.Ad-Hoc|Any CPU.Deploy.0 = Release|Any CPU
		{B4B65626-F653-4881-93EB-CE905C9A8CBB}.Ad-Hoc|ARM.ActiveCfg = Release|Any CPU
		{B4B65626-F653-4881-93EB-CE905C9A8CBB}.Ad-Hoc|ARM.Build.0 = Release|Any CPU
		{B4B65626-F653-4881-93EB-CE905C9A8CBB}.Ad-Hoc|ARM.Deploy.0 = Release|Any CPU
		{B4B65626-F653-4881-93EB-CE905C9A8CBB}.Ad-Hoc|iPhone.ActiveCfg = Release|Any CPU
		{B4B65626-F653-4881-93EB-CE905C9A8CBB}.Ad-Hoc|iPhone.Build.0 = Release|Any CPU
		{B4B65626-F653-4881-93EB-CE905C9A8CBB}.Ad-Hoc|iPhone.Deploy.0 = Release|Any CPU
		{B4B65626-F653-4881-93EB-CE905C9A8CBB}.Ad-Hoc|iPhoneSimulator.ActiveCfg = Release|Any CPU
		{B4B65626-F653-4881-93EB-CE905C9A8CBB}.Ad-Hoc|iPhoneSimulator.Build.0 = Release|Any CPU
		{B4B65626-F653-4881-93EB-CE905C9A8CBB}.Ad-Hoc|iPhoneSimulator.Deploy.0 = Release|Any CPU
		{B4B65626-F653-4881-93EB-CE905C9A8CBB}.Ad-Hoc|x64.ActiveCfg = Release|Any CPU
		{B4B65626-F653-4881-93EB-CE905C9A8CBB}.Ad-Hoc|x64.Build.0 = Release|Any CPU
		{B4B65626-F653-4881-93EB-CE905C9A8CBB}.Ad-Hoc|x64.Deploy.0 = Release|Any CPU
		{B4B65626-F653-4881-93EB-CE905C9A8CBB}.Ad-Hoc|x86.ActiveCfg = Release|Any CPU
		{B4B65626-F653-4881-93EB-CE905C9A8CBB}.Ad-Hoc|x86.Build.0 = Release|Any CPU
		{B4B65626-F653-4881-93EB-CE905C9A8CBB}.Ad-Hoc|x86.Deploy.0 = Release|Any CPU
		{B4B65626-F653-4881-93EB-CE905C9A8CBB}.AppStore|Any CPU.ActiveCfg = Release|Any CPU
		{B4B65626-F653-4881-93EB-CE905C9A8CBB}.AppStore|Any CPU.Build.0 = Release|Any CPU
		{B4B65626-F653-4881-93EB-CE905C9A8CBB}.AppStore|Any CPU.Deploy.0 = Release|Any CPU
		{B4B65626-F653-4881-93EB-CE905C9A8CBB}.AppStore|ARM.ActiveCfg = Release|Any CPU
		{B4B65626-F653-4881-93EB-CE905C9A8CBB}.AppStore|ARM.Build.0 = Release|Any CPU
		{B4B65626-F653-4881-93EB-CE905C9A8CBB}.AppStore|ARM.Deploy.0 = Release|Any CPU
		{B4B65626-F653-4881-93EB-CE905C9A8CBB}.AppStore|iPhone.ActiveCfg = Release|Any CPU
		{B4B65626-F653-4881-93EB-CE905C9A8CBB}.AppStore|iPhone.Build.0 = Release|Any CPU
		{B4B65626-F653-4881-93EB-CE905C9A8CBB}.AppStore|iPhone.Deploy.0 = Release|Any CPU
		{B4B65626-F653-4881-93EB-CE905C9A8CBB}.AppStore|iPhoneSimulator.ActiveCfg = Release|Any CPU
		{B4B65626-F653-4881-93EB-CE905C9A8CBB}.AppStore|iPhoneSimulator.Build.0 = Release|Any CPU
		{B4B65626-F653-4881-93EB-CE905C9A8CBB}.AppStore|iPhoneSimulator.Deploy.0 = Release|Any CPU
		{B4B65626-F653-4881-93EB-CE905C9A8CBB}.AppStore|x64.ActiveCfg = Release|Any CPU
		{B4B65626-F653-4881-93EB-CE905C9A8CBB}.AppStore|x64.Build.0 = Release|Any CPU
		{B4B65626-F653-4881-93EB-CE905C9A8CBB}.AppStore|x64.Deploy.0 = Release|Any CPU
		{B4B65626-F653-4881-93EB-CE905C9A8CBB}.AppStore|x86.ActiveCfg = Release|Any CPU
		{B4B65626-F653-4881-93EB-CE905C9A8CBB}.AppStore|x86.Build.0 = Release|Any CPU
		{B4B65626-F653-4881-93EB-CE905C9A8CBB}.AppStore|x86.Deploy.0 = Release|Any CPU
		{B4B65626-F653-4881-93EB-CE905C9A8CBB}.Debug|Any CPU.ActiveCfg = Debug|Any CPU
		{B4B65626-F653-4881-93EB-CE905C9A8CBB}.Debug|Any CPU.Build.0 = Debug|Any CPU
		{B4B65626-F653-4881-93EB-CE905C9A8CBB}.Debug|Any CPU.Deploy.0 = Debug|Any CPU
		{B4B65626-F653-4881-93EB-CE905C9A8CBB}.Debug|ARM.ActiveCfg = Debug|Any CPU
		{B4B65626-F653-4881-93EB-CE905C9A8CBB}.Debug|ARM.Build.0 = Debug|Any CPU
		{B4B65626-F653-4881-93EB-CE905C9A8CBB}.Debug|ARM.Deploy.0 = Debug|Any CPU
		{B4B65626-F653-4881-93EB-CE905C9A8CBB}.Debug|iPhone.ActiveCfg = Debug|Any CPU
		{B4B65626-F653-4881-93EB-CE905C9A8CBB}.Debug|iPhone.Build.0 = Debug|Any CPU
		{B4B65626-F653-4881-93EB-CE905C9A8CBB}.Debug|iPhone.Deploy.0 = Debug|Any CPU
		{B4B65626-F653-4881-93EB-CE905C9A8CBB}.Debug|iPhoneSimulator.ActiveCfg = Debug|Any CPU
		{B4B65626-F653-4881-93EB-CE905C9A8CBB}.Debug|iPhoneSimulator.Build.0 = Debug|Any CPU
		{B4B65626-F653-4881-93EB-CE905C9A8CBB}.Debug|iPhoneSimulator.Deploy.0 = Debug|Any CPU
		{B4B65626-F653-4881-93EB-CE905C9A8CBB}.Debug|x64.ActiveCfg = Debug|Any CPU
		{B4B65626-F653-4881-93EB-CE905C9A8CBB}.Debug|x64.Build.0 = Debug|Any CPU
		{B4B65626-F653-4881-93EB-CE905C9A8CBB}.Debug|x64.Deploy.0 = Debug|Any CPU
		{B4B65626-F653-4881-93EB-CE905C9A8CBB}.Debug|x86.ActiveCfg = Debug|Any CPU
		{B4B65626-F653-4881-93EB-CE905C9A8CBB}.Debug|x86.Build.0 = Debug|Any CPU
		{B4B65626-F653-4881-93EB-CE905C9A8CBB}.Debug|x86.Deploy.0 = Debug|Any CPU
		{B4B65626-F653-4881-93EB-CE905C9A8CBB}.Release|Any CPU.ActiveCfg = Release|Any CPU
		{B4B65626-F653-4881-93EB-CE905C9A8CBB}.Release|Any CPU.Build.0 = Release|Any CPU
		{B4B65626-F653-4881-93EB-CE905C9A8CBB}.Release|Any CPU.Deploy.0 = Release|Any CPU
		{B4B65626-F653-4881-93EB-CE905C9A8CBB}.Release|ARM.ActiveCfg = Release|Any CPU
		{B4B65626-F653-4881-93EB-CE905C9A8CBB}.Release|ARM.Build.0 = Release|Any CPU
		{B4B65626-F653-4881-93EB-CE905C9A8CBB}.Release|ARM.Deploy.0 = Release|Any CPU
		{B4B65626-F653-4881-93EB-CE905C9A8CBB}.Release|iPhone.ActiveCfg = Release|Any CPU
		{B4B65626-F653-4881-93EB-CE905C9A8CBB}.Release|iPhone.Build.0 = Release|Any CPU
		{B4B65626-F653-4881-93EB-CE905C9A8CBB}.Release|iPhone.Deploy.0 = Release|Any CPU
		{B4B65626-F653-4881-93EB-CE905C9A8CBB}.Release|iPhoneSimulator.ActiveCfg = Release|Any CPU
		{B4B65626-F653-4881-93EB-CE905C9A8CBB}.Release|iPhoneSimulator.Build.0 = Release|Any CPU
		{B4B65626-F653-4881-93EB-CE905C9A8CBB}.Release|iPhoneSimulator.Deploy.0 = Release|Any CPU
		{B4B65626-F653-4881-93EB-CE905C9A8CBB}.Release|x64.ActiveCfg = Release|Any CPU
		{B4B65626-F653-4881-93EB-CE905C9A8CBB}.Release|x64.Build.0 = Release|Any CPU
		{B4B65626-F653-4881-93EB-CE905C9A8CBB}.Release|x64.Deploy.0 = Release|Any CPU
		{B4B65626-F653-4881-93EB-CE905C9A8CBB}.Release|x86.ActiveCfg = Release|Any CPU
		{B4B65626-F653-4881-93EB-CE905C9A8CBB}.Release|x86.Build.0 = Release|Any CPU
		{B4B65626-F653-4881-93EB-CE905C9A8CBB}.Release|x86.Deploy.0 = Release|Any CPU
		{DB81849F-A459-4FFF-A3CF-042E49E2BCFB}.Ad-Hoc|Any CPU.ActiveCfg = Release|Any CPU
		{DB81849F-A459-4FFF-A3CF-042E49E2BCFB}.Ad-Hoc|Any CPU.Build.0 = Release|Any CPU
		{DB81849F-A459-4FFF-A3CF-042E49E2BCFB}.Ad-Hoc|ARM.ActiveCfg = Release|Any CPU
		{DB81849F-A459-4FFF-A3CF-042E49E2BCFB}.Ad-Hoc|ARM.Build.0 = Release|Any CPU
		{DB81849F-A459-4FFF-A3CF-042E49E2BCFB}.Ad-Hoc|iPhone.ActiveCfg = Release|Any CPU
		{DB81849F-A459-4FFF-A3CF-042E49E2BCFB}.Ad-Hoc|iPhone.Build.0 = Release|Any CPU
		{DB81849F-A459-4FFF-A3CF-042E49E2BCFB}.Ad-Hoc|iPhoneSimulator.ActiveCfg = Release|Any CPU
		{DB81849F-A459-4FFF-A3CF-042E49E2BCFB}.Ad-Hoc|iPhoneSimulator.Build.0 = Release|Any CPU
		{DB81849F-A459-4FFF-A3CF-042E49E2BCFB}.Ad-Hoc|x64.ActiveCfg = Release|Any CPU
		{DB81849F-A459-4FFF-A3CF-042E49E2BCFB}.Ad-Hoc|x64.Build.0 = Release|Any CPU
		{DB81849F-A459-4FFF-A3CF-042E49E2BCFB}.Ad-Hoc|x86.ActiveCfg = Release|Any CPU
		{DB81849F-A459-4FFF-A3CF-042E49E2BCFB}.Ad-Hoc|x86.Build.0 = Release|Any CPU
		{DB81849F-A459-4FFF-A3CF-042E49E2BCFB}.AppStore|Any CPU.ActiveCfg = Release|Any CPU
		{DB81849F-A459-4FFF-A3CF-042E49E2BCFB}.AppStore|Any CPU.Build.0 = Release|Any CPU
		{DB81849F-A459-4FFF-A3CF-042E49E2BCFB}.AppStore|ARM.ActiveCfg = Release|Any CPU
		{DB81849F-A459-4FFF-A3CF-042E49E2BCFB}.AppStore|ARM.Build.0 = Release|Any CPU
		{DB81849F-A459-4FFF-A3CF-042E49E2BCFB}.AppStore|iPhone.ActiveCfg = Release|Any CPU
		{DB81849F-A459-4FFF-A3CF-042E49E2BCFB}.AppStore|iPhone.Build.0 = Release|Any CPU
		{DB81849F-A459-4FFF-A3CF-042E49E2BCFB}.AppStore|iPhoneSimulator.ActiveCfg = Release|Any CPU
		{DB81849F-A459-4FFF-A3CF-042E49E2BCFB}.AppStore|iPhoneSimulator.Build.0 = Release|Any CPU
		{DB81849F-A459-4FFF-A3CF-042E49E2BCFB}.AppStore|x64.ActiveCfg = Release|Any CPU
		{DB81849F-A459-4FFF-A3CF-042E49E2BCFB}.AppStore|x64.Build.0 = Release|Any CPU
		{DB81849F-A459-4FFF-A3CF-042E49E2BCFB}.AppStore|x86.ActiveCfg = Release|Any CPU
		{DB81849F-A459-4FFF-A3CF-042E49E2BCFB}.AppStore|x86.Build.0 = Release|Any CPU
		{DB81849F-A459-4FFF-A3CF-042E49E2BCFB}.Debug|Any CPU.ActiveCfg = Debug|Any CPU
		{DB81849F-A459-4FFF-A3CF-042E49E2BCFB}.Debug|Any CPU.Build.0 = Debug|Any CPU
		{DB81849F-A459-4FFF-A3CF-042E49E2BCFB}.Debug|ARM.ActiveCfg = Debug|Any CPU
		{DB81849F-A459-4FFF-A3CF-042E49E2BCFB}.Debug|ARM.Build.0 = Debug|Any CPU
		{DB81849F-A459-4FFF-A3CF-042E49E2BCFB}.Debug|iPhone.ActiveCfg = Debug|Any CPU
		{DB81849F-A459-4FFF-A3CF-042E49E2BCFB}.Debug|iPhone.Build.0 = Debug|Any CPU
		{DB81849F-A459-4FFF-A3CF-042E49E2BCFB}.Debug|iPhoneSimulator.ActiveCfg = Debug|Any CPU
		{DB81849F-A459-4FFF-A3CF-042E49E2BCFB}.Debug|iPhoneSimulator.Build.0 = Debug|Any CPU
		{DB81849F-A459-4FFF-A3CF-042E49E2BCFB}.Debug|x64.ActiveCfg = Debug|Any CPU
		{DB81849F-A459-4FFF-A3CF-042E49E2BCFB}.Debug|x64.Build.0 = Debug|Any CPU
		{DB81849F-A459-4FFF-A3CF-042E49E2BCFB}.Debug|x86.ActiveCfg = Debug|Any CPU
		{DB81849F-A459-4FFF-A3CF-042E49E2BCFB}.Debug|x86.Build.0 = Debug|Any CPU
		{DB81849F-A459-4FFF-A3CF-042E49E2BCFB}.Release|Any CPU.ActiveCfg = Release|Any CPU
		{DB81849F-A459-4FFF-A3CF-042E49E2BCFB}.Release|Any CPU.Build.0 = Release|Any CPU
		{DB81849F-A459-4FFF-A3CF-042E49E2BCFB}.Release|ARM.ActiveCfg = Release|Any CPU
		{DB81849F-A459-4FFF-A3CF-042E49E2BCFB}.Release|ARM.Build.0 = Release|Any CPU
		{DB81849F-A459-4FFF-A3CF-042E49E2BCFB}.Release|iPhone.ActiveCfg = Release|Any CPU
		{DB81849F-A459-4FFF-A3CF-042E49E2BCFB}.Release|iPhone.Build.0 = Release|Any CPU
		{DB81849F-A459-4FFF-A3CF-042E49E2BCFB}.Release|iPhoneSimulator.ActiveCfg = Release|Any CPU
		{DB81849F-A459-4FFF-A3CF-042E49E2BCFB}.Release|iPhoneSimulator.Build.0 = Release|Any CPU
		{DB81849F-A459-4FFF-A3CF-042E49E2BCFB}.Release|x64.ActiveCfg = Release|Any CPU
		{DB81849F-A459-4FFF-A3CF-042E49E2BCFB}.Release|x64.Build.0 = Release|Any CPU
		{DB81849F-A459-4FFF-A3CF-042E49E2BCFB}.Release|x86.ActiveCfg = Release|Any CPU
		{DB81849F-A459-4FFF-A3CF-042E49E2BCFB}.Release|x86.Build.0 = Release|Any CPU
		{23677C0C-C742-4BE6-83F9-227231A72D4F}.Ad-Hoc|Any CPU.ActiveCfg = Release|x86
		{23677C0C-C742-4BE6-83F9-227231A72D4F}.Ad-Hoc|Any CPU.Build.0 = Release|x86
		{23677C0C-C742-4BE6-83F9-227231A72D4F}.Ad-Hoc|Any CPU.Deploy.0 = Release|x86
		{23677C0C-C742-4BE6-83F9-227231A72D4F}.Ad-Hoc|ARM.ActiveCfg = Release|ARM
		{23677C0C-C742-4BE6-83F9-227231A72D4F}.Ad-Hoc|ARM.Build.0 = Release|ARM
		{23677C0C-C742-4BE6-83F9-227231A72D4F}.Ad-Hoc|ARM.Deploy.0 = Release|ARM
		{23677C0C-C742-4BE6-83F9-227231A72D4F}.Ad-Hoc|iPhone.ActiveCfg = Release|x86
		{23677C0C-C742-4BE6-83F9-227231A72D4F}.Ad-Hoc|iPhone.Build.0 = Release|x86
		{23677C0C-C742-4BE6-83F9-227231A72D4F}.Ad-Hoc|iPhone.Deploy.0 = Release|x86
		{23677C0C-C742-4BE6-83F9-227231A72D4F}.Ad-Hoc|iPhoneSimulator.ActiveCfg = Release|x86
		{23677C0C-C742-4BE6-83F9-227231A72D4F}.Ad-Hoc|iPhoneSimulator.Build.0 = Release|x86
		{23677C0C-C742-4BE6-83F9-227231A72D4F}.Ad-Hoc|iPhoneSimulator.Deploy.0 = Release|x86
		{23677C0C-C742-4BE6-83F9-227231A72D4F}.Ad-Hoc|x64.ActiveCfg = Release|x64
		{23677C0C-C742-4BE6-83F9-227231A72D4F}.Ad-Hoc|x64.Build.0 = Release|x64
		{23677C0C-C742-4BE6-83F9-227231A72D4F}.Ad-Hoc|x64.Deploy.0 = Release|x64
		{23677C0C-C742-4BE6-83F9-227231A72D4F}.Ad-Hoc|x86.ActiveCfg = Release|x86
		{23677C0C-C742-4BE6-83F9-227231A72D4F}.Ad-Hoc|x86.Build.0 = Release|x86
		{23677C0C-C742-4BE6-83F9-227231A72D4F}.Ad-Hoc|x86.Deploy.0 = Release|x86
		{23677C0C-C742-4BE6-83F9-227231A72D4F}.AppStore|Any CPU.ActiveCfg = Release|x86
		{23677C0C-C742-4BE6-83F9-227231A72D4F}.AppStore|Any CPU.Build.0 = Release|x86
		{23677C0C-C742-4BE6-83F9-227231A72D4F}.AppStore|Any CPU.Deploy.0 = Release|x86
		{23677C0C-C742-4BE6-83F9-227231A72D4F}.AppStore|ARM.ActiveCfg = Release|ARM
		{23677C0C-C742-4BE6-83F9-227231A72D4F}.AppStore|ARM.Build.0 = Release|ARM
		{23677C0C-C742-4BE6-83F9-227231A72D4F}.AppStore|ARM.Deploy.0 = Release|ARM
		{23677C0C-C742-4BE6-83F9-227231A72D4F}.AppStore|iPhone.ActiveCfg = Release|x86
		{23677C0C-C742-4BE6-83F9-227231A72D4F}.AppStore|iPhone.Build.0 = Release|x86
		{23677C0C-C742-4BE6-83F9-227231A72D4F}.AppStore|iPhone.Deploy.0 = Release|x86
		{23677C0C-C742-4BE6-83F9-227231A72D4F}.AppStore|iPhoneSimulator.ActiveCfg = Release|x86
		{23677C0C-C742-4BE6-83F9-227231A72D4F}.AppStore|iPhoneSimulator.Build.0 = Release|x86
		{23677C0C-C742-4BE6-83F9-227231A72D4F}.AppStore|iPhoneSimulator.Deploy.0 = Release|x86
		{23677C0C-C742-4BE6-83F9-227231A72D4F}.AppStore|x64.ActiveCfg = Release|x64
		{23677C0C-C742-4BE6-83F9-227231A72D4F}.AppStore|x64.Build.0 = Release|x64
		{23677C0C-C742-4BE6-83F9-227231A72D4F}.AppStore|x64.Deploy.0 = Release|x64
		{23677C0C-C742-4BE6-83F9-227231A72D4F}.AppStore|x86.ActiveCfg = Release|x86
		{23677C0C-C742-4BE6-83F9-227231A72D4F}.AppStore|x86.Build.0 = Release|x86
		{23677C0C-C742-4BE6-83F9-227231A72D4F}.AppStore|x86.Deploy.0 = Release|x86
		{23677C0C-C742-4BE6-83F9-227231A72D4F}.Debug|Any CPU.ActiveCfg = Debug|x86
		{23677C0C-C742-4BE6-83F9-227231A72D4F}.Debug|ARM.ActiveCfg = Debug|ARM
		{23677C0C-C742-4BE6-83F9-227231A72D4F}.Debug|ARM.Build.0 = Debug|ARM
		{23677C0C-C742-4BE6-83F9-227231A72D4F}.Debug|ARM.Deploy.0 = Debug|ARM
		{23677C0C-C742-4BE6-83F9-227231A72D4F}.Debug|iPhone.ActiveCfg = Debug|x86
		{23677C0C-C742-4BE6-83F9-227231A72D4F}.Debug|iPhoneSimulator.ActiveCfg = Debug|x86
		{23677C0C-C742-4BE6-83F9-227231A72D4F}.Debug|x64.ActiveCfg = Debug|x64
		{23677C0C-C742-4BE6-83F9-227231A72D4F}.Debug|x64.Build.0 = Debug|x64
		{23677C0C-C742-4BE6-83F9-227231A72D4F}.Debug|x64.Deploy.0 = Debug|x64
		{23677C0C-C742-4BE6-83F9-227231A72D4F}.Debug|x86.ActiveCfg = Debug|x86
		{23677C0C-C742-4BE6-83F9-227231A72D4F}.Debug|x86.Build.0 = Debug|x86
		{23677C0C-C742-4BE6-83F9-227231A72D4F}.Debug|x86.Deploy.0 = Debug|x86
		{23677C0C-C742-4BE6-83F9-227231A72D4F}.Release|Any CPU.ActiveCfg = Release|x86
		{23677C0C-C742-4BE6-83F9-227231A72D4F}.Release|ARM.ActiveCfg = Release|ARM
		{23677C0C-C742-4BE6-83F9-227231A72D4F}.Release|ARM.Build.0 = Release|ARM
		{23677C0C-C742-4BE6-83F9-227231A72D4F}.Release|ARM.Deploy.0 = Release|ARM
		{23677C0C-C742-4BE6-83F9-227231A72D4F}.Release|iPhone.ActiveCfg = Release|x86
		{23677C0C-C742-4BE6-83F9-227231A72D4F}.Release|iPhoneSimulator.ActiveCfg = Release|x86
		{23677C0C-C742-4BE6-83F9-227231A72D4F}.Release|x64.ActiveCfg = Release|x64
		{23677C0C-C742-4BE6-83F9-227231A72D4F}.Release|x64.Build.0 = Release|x64
		{23677C0C-C742-4BE6-83F9-227231A72D4F}.Release|x64.Deploy.0 = Release|x64
		{23677C0C-C742-4BE6-83F9-227231A72D4F}.Release|x86.ActiveCfg = Release|x86
		{23677C0C-C742-4BE6-83F9-227231A72D4F}.Release|x86.Build.0 = Release|x86
		{23677C0C-C742-4BE6-83F9-227231A72D4F}.Release|x86.Deploy.0 = Release|x86
		{1014926D-9EE9-447F-9440-7A026973332C}.Ad-Hoc|Any CPU.ActiveCfg = Ad-Hoc|iPhone
		{1014926D-9EE9-447F-9440-7A026973332C}.Ad-Hoc|ARM.ActiveCfg = Ad-Hoc|iPhone
		{1014926D-9EE9-447F-9440-7A026973332C}.Ad-Hoc|iPhone.ActiveCfg = Ad-Hoc|iPhone
		{1014926D-9EE9-447F-9440-7A026973332C}.Ad-Hoc|iPhone.Build.0 = Ad-Hoc|iPhone
		{1014926D-9EE9-447F-9440-7A026973332C}.Ad-Hoc|iPhoneSimulator.ActiveCfg = Ad-Hoc|iPhoneSimulator
		{1014926D-9EE9-447F-9440-7A026973332C}.Ad-Hoc|iPhoneSimulator.Build.0 = Ad-Hoc|iPhoneSimulator
		{1014926D-9EE9-447F-9440-7A026973332C}.Ad-Hoc|x64.ActiveCfg = Ad-Hoc|iPhone
		{1014926D-9EE9-447F-9440-7A026973332C}.Ad-Hoc|x86.ActiveCfg = Ad-Hoc|iPhone
		{1014926D-9EE9-447F-9440-7A026973332C}.AppStore|Any CPU.ActiveCfg = AppStore|iPhone
		{1014926D-9EE9-447F-9440-7A026973332C}.AppStore|ARM.ActiveCfg = AppStore|iPhone
		{1014926D-9EE9-447F-9440-7A026973332C}.AppStore|iPhone.ActiveCfg = AppStore|iPhone
		{1014926D-9EE9-447F-9440-7A026973332C}.AppStore|iPhone.Build.0 = AppStore|iPhone
		{1014926D-9EE9-447F-9440-7A026973332C}.AppStore|iPhoneSimulator.ActiveCfg = AppStore|iPhoneSimulator
		{1014926D-9EE9-447F-9440-7A026973332C}.AppStore|iPhoneSimulator.Build.0 = AppStore|iPhoneSimulator
		{1014926D-9EE9-447F-9440-7A026973332C}.AppStore|x64.ActiveCfg = AppStore|iPhone
		{1014926D-9EE9-447F-9440-7A026973332C}.AppStore|x86.ActiveCfg = AppStore|iPhone
		{1014926D-9EE9-447F-9440-7A026973332C}.Debug|Any CPU.ActiveCfg = Debug|iPhone
		{1014926D-9EE9-447F-9440-7A026973332C}.Debug|ARM.ActiveCfg = Debug|iPhone
		{1014926D-9EE9-447F-9440-7A026973332C}.Debug|iPhone.ActiveCfg = Debug|iPhone
		{1014926D-9EE9-447F-9440-7A026973332C}.Debug|iPhone.Build.0 = Debug|iPhone
		{1014926D-9EE9-447F-9440-7A026973332C}.Debug|iPhoneSimulator.ActiveCfg = Debug|iPhoneSimulator
		{1014926D-9EE9-447F-9440-7A026973332C}.Debug|iPhoneSimulator.Build.0 = Debug|iPhoneSimulator
		{1014926D-9EE9-447F-9440-7A026973332C}.Debug|x64.ActiveCfg = Debug|iPhone
		{1014926D-9EE9-447F-9440-7A026973332C}.Debug|x86.ActiveCfg = Debug|iPhone
		{1014926D-9EE9-447F-9440-7A026973332C}.Release|Any CPU.ActiveCfg = Release|iPhone
		{1014926D-9EE9-447F-9440-7A026973332C}.Release|ARM.ActiveCfg = Release|iPhone
		{1014926D-9EE9-447F-9440-7A026973332C}.Release|iPhone.ActiveCfg = Release|iPhone
		{1014926D-9EE9-447F-9440-7A026973332C}.Release|iPhone.Build.0 = Release|iPhone
		{1014926D-9EE9-447F-9440-7A026973332C}.Release|iPhoneSimulator.ActiveCfg = Release|iPhoneSimulator
		{1014926D-9EE9-447F-9440-7A026973332C}.Release|iPhoneSimulator.Build.0 = Release|iPhoneSimulator
		{1014926D-9EE9-447F-9440-7A026973332C}.Release|x64.ActiveCfg = Release|iPhone
		{1014926D-9EE9-447F-9440-7A026973332C}.Release|x86.ActiveCfg = Release|iPhone
	EndGlobalSection
	GlobalSection(SolutionProperties) = preSolution
		HideSolutionNode = FALSE
	EndGlobalSection
EndGlobal
